
Microsoft Visual Studio Solution File, Format Version 12.00
# Visual Studio Version 17
VisualStudioVersion = 17.0.31903.59
MinimumVisualStudioVersion = 10.0.40219.1
Project("{2150E333-8FDC-42A3-9474-1A3956D46DE8}") = "Services", "Services", "{4C87DCBB-3648-4B67-8E02-5FF65F5EC5A9}"
EndProject
Project("{2150E333-8FDC-42A3-9474-1A3956D46DE8}") = "Catolog", "Catolog", "{ECAAC4A6-E55D-4A2A-B8DC-A538BF403E5D}"
EndProject
Project("{9A19103F-16F7-4668-BE54-9A1E7A4F7556}") = "FreeCourse.Services.Catolog", "Services\Catolog\FreeCourse.Services.Catolog\FreeCourse.Services.Catolog.csproj", "{DF55B2DE-7748-4129-AD31-15B6FDEA79D5}"
EndProject
Project("{2150E333-8FDC-42A3-9474-1A3956D46DE8}") = "Notes", "Notes", "{D89F4A48-3DCE-4F79-9244-6668997F2F61}"
	ProjectSection(SolutionItems) = preProject
		Ports.txt = Ports.txt
	EndProjectSection
EndProject
Project("{2150E333-8FDC-42A3-9474-1A3956D46DE8}") = "Shared", "Shared", "{197A6619-777E-457C-B361-05746341FCA0}"
EndProject
Project("{9A19103F-16F7-4668-BE54-9A1E7A4F7556}") = "FreeCourse.Shared", "Shared\FreeCourse.Shared\FreeCourse.Shared.csproj", "{80221C0E-7BF8-4548-9A66-F0E67ACFC0F5}"
EndProject
Project("{2150E333-8FDC-42A3-9474-1A3956D46DE8}") = "IdentityServer", "IdentityServer", "{93577F93-9583-4622-9852-470CA79CDEC7}"
EndProject
Project("{9A19103F-16F7-4668-BE54-9A1E7A4F7556}") = "Base.Microservices.IdentityServer", "IdentityServer\Base.Microservices.IdentityServer\Base.Microservices.IdentityServer.csproj", "{B497ECBF-7E44-434C-B932-84E0C343F566}"
EndProject
Project("{2150E333-8FDC-42A3-9474-1A3956D46DE8}") = "PhotoStock", "PhotoStock", "{CF604B6F-CA0A-4520-9D33-E1856CF31911}"
EndProject
Project("{9A19103F-16F7-4668-BE54-9A1E7A4F7556}") = "FreeCourse.PhotoStock", "Services\PhotoStock\FreeCourse.PhotoStock\FreeCourse.PhotoStock.csproj", "{E53E2DD2-0312-441D-9651-03477A085025}"
EndProject
Project("{2150E333-8FDC-42A3-9474-1A3956D46DE8}") = "Basket", "Basket", "{A68F5517-18D6-4295-919F-A7A45BCEC8C0}"
EndProject
Project("{FAE04EC0-301F-11D3-BF4B-00C04F79EFBC}") = "FreeCourse.Services.Basket", "Services\Basket\FreeCourse.Basket\FreeCourse.Services.Basket.csproj", "{6A64CD4F-FE25-48C0-9C9C-0BE85B4EF94D}"
EndProject
Project("{2150E333-8FDC-42A3-9474-1A3956D46DE8}") = "Discount", "Discount", "{3C402809-F10A-4905-9B7F-7623D9E43461}"
EndProject
Project("{FAE04EC0-301F-11D3-BF4B-00C04F79EFBC}") = "FreeCourse.Services.Discount", "Services\Discount\FreeCourse.Services.Discount\FreeCourse.Services.Discount.csproj", "{AA9A8732-DA24-42CA-BC22-DD719027C053}"
EndProject
Project("{2150E333-8FDC-42A3-9474-1A3956D46DE8}") = "Order", "Order", "{55D7223A-C5E7-4CB2-A7FD-3114FD5AD763}"
EndProject
Project("{FAE04EC0-301F-11D3-BF4B-00C04F79EFBC}") = "FrreeCourse.Services.Order.API", "Services\Order\FrreeCourse.Services.Order.API\FrreeCourse.Services.Order.API.csproj", "{367051D5-D5E6-4C66-9C03-0685376FCC79}"
EndProject
Project("{FAE04EC0-301F-11D3-BF4B-00C04F79EFBC}") = "FreeCourse.Services.Order.Application", "Services\Order\FreeCourse.Services.Order.Application\FreeCourse.Services.Order.Application.csproj", "{32451502-E034-4F02-9C2E-64E216D10AF6}"
EndProject
Project("{FAE04EC0-301F-11D3-BF4B-00C04F79EFBC}") = "FreeCourse.Services.Order.Domain", "Services\Order\FreeCourse.Services.Order.Domain\FreeCourse.Services.Order.Domain.csproj", "{051C853A-4888-46D1-89E7-A2BD1DFC1C03}"
EndProject
Project("{FAE04EC0-301F-11D3-BF4B-00C04F79EFBC}") = "FreeCourse.Services.Order.Domain.Core", "Services\Order\FreeCourse.Services.Order.Domain.Core\FreeCourse.Services.Order.Domain.Core.csproj", "{796071D5-7FCA-4945-B1A0-EA2991E59F01}"
EndProject
Project("{FAE04EC0-301F-11D3-BF4B-00C04F79EFBC}") = "FreeCourse.Services.Order.Infrastructure", "Services\Order\FreeCourse.Services.Order.Infrastructure\FreeCourse.Services.Order.Infrastructure.csproj", "{8025E06A-F570-4745-A98F-1E4A383A6B3B}"
EndProject
Project("{2150E333-8FDC-42A3-9474-1A3956D46DE8}") = "FakePayment", "FakePayment", "{C0720A70-F10F-4AA6-B0DE-EC442E97D775}"
EndProject
Project("{FAE04EC0-301F-11D3-BF4B-00C04F79EFBC}") = "FreeCourse.Services.FakePayment", "Services\FakePayment\FreeCourse.Services.FakePayment\FreeCourse.Services.FakePayment.csproj", "{F77E4520-7D10-4C0F-A433-32F03C91B941}"
EndProject
Global
	GlobalSection(SolutionConfigurationPlatforms) = preSolution
		Debug|Any CPU = Debug|Any CPU
		Release|Any CPU = Release|Any CPU
	EndGlobalSection
	GlobalSection(ProjectConfigurationPlatforms) = postSolution
		{DF55B2DE-7748-4129-AD31-15B6FDEA79D5}.Debug|Any CPU.ActiveCfg = Debug|Any CPU
		{DF55B2DE-7748-4129-AD31-15B6FDEA79D5}.Debug|Any CPU.Build.0 = Debug|Any CPU
		{DF55B2DE-7748-4129-AD31-15B6FDEA79D5}.Release|Any CPU.ActiveCfg = Release|Any CPU
		{DF55B2DE-7748-4129-AD31-15B6FDEA79D5}.Release|Any CPU.Build.0 = Release|Any CPU
		{80221C0E-7BF8-4548-9A66-F0E67ACFC0F5}.Debug|Any CPU.ActiveCfg = Debug|Any CPU
		{80221C0E-7BF8-4548-9A66-F0E67ACFC0F5}.Debug|Any CPU.Build.0 = Debug|Any CPU
		{80221C0E-7BF8-4548-9A66-F0E67ACFC0F5}.Release|Any CPU.ActiveCfg = Release|Any CPU
		{80221C0E-7BF8-4548-9A66-F0E67ACFC0F5}.Release|Any CPU.Build.0 = Release|Any CPU
		{B497ECBF-7E44-434C-B932-84E0C343F566}.Debug|Any CPU.ActiveCfg = Debug|Any CPU
		{B497ECBF-7E44-434C-B932-84E0C343F566}.Debug|Any CPU.Build.0 = Debug|Any CPU
		{B497ECBF-7E44-434C-B932-84E0C343F566}.Release|Any CPU.ActiveCfg = Release|Any CPU
		{B497ECBF-7E44-434C-B932-84E0C343F566}.Release|Any CPU.Build.0 = Release|Any CPU
		{E53E2DD2-0312-441D-9651-03477A085025}.Debug|Any CPU.ActiveCfg = Debug|Any CPU
		{E53E2DD2-0312-441D-9651-03477A085025}.Debug|Any CPU.Build.0 = Debug|Any CPU
		{E53E2DD2-0312-441D-9651-03477A085025}.Release|Any CPU.ActiveCfg = Release|Any CPU
		{E53E2DD2-0312-441D-9651-03477A085025}.Release|Any CPU.Build.0 = Release|Any CPU
		{6A64CD4F-FE25-48C0-9C9C-0BE85B4EF94D}.Debug|Any CPU.ActiveCfg = Debug|Any CPU
		{6A64CD4F-FE25-48C0-9C9C-0BE85B4EF94D}.Debug|Any CPU.Build.0 = Debug|Any CPU
		{6A64CD4F-FE25-48C0-9C9C-0BE85B4EF94D}.Release|Any CPU.ActiveCfg = Release|Any CPU
		{6A64CD4F-FE25-48C0-9C9C-0BE85B4EF94D}.Release|Any CPU.Build.0 = Release|Any CPU
		{AA9A8732-DA24-42CA-BC22-DD719027C053}.Debug|Any CPU.ActiveCfg = Debug|Any CPU
		{AA9A8732-DA24-42CA-BC22-DD719027C053}.Debug|Any CPU.Build.0 = Debug|Any CPU
		{AA9A8732-DA24-42CA-BC22-DD719027C053}.Release|Any CPU.ActiveCfg = Release|Any CPU
		{AA9A8732-DA24-42CA-BC22-DD719027C053}.Release|Any CPU.Build.0 = Release|Any CPU
		{367051D5-D5E6-4C66-9C03-0685376FCC79}.Debug|Any CPU.ActiveCfg = Debug|Any CPU
		{367051D5-D5E6-4C66-9C03-0685376FCC79}.Debug|Any CPU.Build.0 = Debug|Any CPU
		{367051D5-D5E6-4C66-9C03-0685376FCC79}.Release|Any CPU.ActiveCfg = Release|Any CPU
		{367051D5-D5E6-4C66-9C03-0685376FCC79}.Release|Any CPU.Build.0 = Release|Any CPU
		{32451502-E034-4F02-9C2E-64E216D10AF6}.Debug|Any CPU.ActiveCfg = Debug|Any CPU
		{32451502-E034-4F02-9C2E-64E216D10AF6}.Debug|Any CPU.Build.0 = Debug|Any CPU
		{32451502-E034-4F02-9C2E-64E216D10AF6}.Release|Any CPU.ActiveCfg = Release|Any CPU
		{32451502-E034-4F02-9C2E-64E216D10AF6}.Release|Any CPU.Build.0 = Release|Any CPU
		{051C853A-4888-46D1-89E7-A2BD1DFC1C03}.Debug|Any CPU.ActiveCfg = Debug|Any CPU
		{051C853A-4888-46D1-89E7-A2BD1DFC1C03}.Debug|Any CPU.Build.0 = Debug|Any CPU
		{051C853A-4888-46D1-89E7-A2BD1DFC1C03}.Release|Any CPU.ActiveCfg = Release|Any CPU
		{051C853A-4888-46D1-89E7-A2BD1DFC1C03}.Release|Any CPU.Build.0 = Release|Any CPU
		{796071D5-7FCA-4945-B1A0-EA2991E59F01}.Debug|Any CPU.ActiveCfg = Debug|Any CPU
		{796071D5-7FCA-4945-B1A0-EA2991E59F01}.Debug|Any CPU.Build.0 = Debug|Any CPU
		{796071D5-7FCA-4945-B1A0-EA2991E59F01}.Release|Any CPU.ActiveCfg = Release|Any CPU
		{796071D5-7FCA-4945-B1A0-EA2991E59F01}.Release|Any CPU.Build.0 = Release|Any CPU
		{8025E06A-F570-4745-A98F-1E4A383A6B3B}.Debug|Any CPU.ActiveCfg = Debug|Any CPU
		{8025E06A-F570-4745-A98F-1E4A383A6B3B}.Debug|Any CPU.Build.0 = Debug|Any CPU
		{8025E06A-F570-4745-A98F-1E4A383A6B3B}.Release|Any CPU.ActiveCfg = Release|Any CPU
		{8025E06A-F570-4745-A98F-1E4A383A6B3B}.Release|Any CPU.Build.0 = Release|Any CPU
		{F77E4520-7D10-4C0F-A433-32F03C91B941}.Debug|Any CPU.ActiveCfg = Debug|Any CPU
		{F77E4520-7D10-4C0F-A433-32F03C91B941}.Debug|Any CPU.Build.0 = Debug|Any CPU
		{F77E4520-7D10-4C0F-A433-32F03C91B941}.Release|Any CPU.ActiveCfg = Release|Any CPU
		{F77E4520-7D10-4C0F-A433-32F03C91B941}.Release|Any CPU.Build.0 = Release|Any CPU
	EndGlobalSection
	GlobalSection(SolutionProperties) = preSolution
		HideSolutionNode = FALSE
	EndGlobalSection
	GlobalSection(NestedProjects) = preSolution
		{ECAAC4A6-E55D-4A2A-B8DC-A538BF403E5D} = {4C87DCBB-3648-4B67-8E02-5FF65F5EC5A9}
		{DF55B2DE-7748-4129-AD31-15B6FDEA79D5} = {ECAAC4A6-E55D-4A2A-B8DC-A538BF403E5D}
		{80221C0E-7BF8-4548-9A66-F0E67ACFC0F5} = {197A6619-777E-457C-B361-05746341FCA0}
		{B497ECBF-7E44-434C-B932-84E0C343F566} = {93577F93-9583-4622-9852-470CA79CDEC7}
		{CF604B6F-CA0A-4520-9D33-E1856CF31911} = {4C87DCBB-3648-4B67-8E02-5FF65F5EC5A9}
		{E53E2DD2-0312-441D-9651-03477A085025} = {CF604B6F-CA0A-4520-9D33-E1856CF31911}
		{A68F5517-18D6-4295-919F-A7A45BCEC8C0} = {4C87DCBB-3648-4B67-8E02-5FF65F5EC5A9}
		{6A64CD4F-FE25-48C0-9C9C-0BE85B4EF94D} = {A68F5517-18D6-4295-919F-A7A45BCEC8C0}
		{3C402809-F10A-4905-9B7F-7623D9E43461} = {4C87DCBB-3648-4B67-8E02-5FF65F5EC5A9}
		{AA9A8732-DA24-42CA-BC22-DD719027C053} = {3C402809-F10A-4905-9B7F-7623D9E43461}
		{55D7223A-C5E7-4CB2-A7FD-3114FD5AD763} = {4C87DCBB-3648-4B67-8E02-5FF65F5EC5A9}
		{367051D5-D5E6-4C66-9C03-0685376FCC79} = {55D7223A-C5E7-4CB2-A7FD-3114FD5AD763}
		{32451502-E034-4F02-9C2E-64E216D10AF6} = {55D7223A-C5E7-4CB2-A7FD-3114FD5AD763}
		{051C853A-4888-46D1-89E7-A2BD1DFC1C03} = {55D7223A-C5E7-4CB2-A7FD-3114FD5AD763}
		{796071D5-7FCA-4945-B1A0-EA2991E59F01} = {55D7223A-C5E7-4CB2-A7FD-3114FD5AD763}
		{8025E06A-F570-4745-A98F-1E4A383A6B3B} = {55D7223A-C5E7-4CB2-A7FD-3114FD5AD763}
		{C0720A70-F10F-4AA6-B0DE-EC442E97D775} = {4C87DCBB-3648-4B67-8E02-5FF65F5EC5A9}
		{F77E4520-7D10-4C0F-A433-32F03C91B941} = {C0720A70-F10F-4AA6-B0DE-EC442E97D775}
	EndGlobalSection
	GlobalSection(ExtensibilityGlobals) = postSolution
		SolutionGuid = {82D4C131-D788-487D-A396-F44C175233F1}
	EndGlobalSection
EndGlobal
